// !$*UTF8*$!
{
	archiveVersion = 1;
	classes = {
	};
	objectVersion = 56;
	objects = {

/* Begin PBXBuildFile section */
		0B3AAF742C46216000E18C96 /* AppDelegate.swift in Sources */ = {isa = PBXBuildFile; fileRef = 0B3AAF732C46216000E18C96 /* AppDelegate.swift */; };
		0B3AAF762C46216000E18C96 /* SceneDelegate.swift in Sources */ = {isa = PBXBuildFile; fileRef = 0B3AAF752C46216000E18C96 /* SceneDelegate.swift */; };
		0B3AAF782C46216000E18C96 /* MainVC.swift in Sources */ = {isa = PBXBuildFile; fileRef = 0B3AAF772C46216000E18C96 /* MainVC.swift */; };
		0B3AAF7B2C46216000E18C96 /* Main.storyboard in Resources */ = {isa = PBXBuildFile; fileRef = 0B3AAF792C46216000E18C96 /* Main.storyboard */; };
		0B3AAF7D2C46216200E18C96 /* Assets.xcassets in Resources */ = {isa = PBXBuildFile; fileRef = 0B3AAF7C2C46216200E18C96 /* Assets.xcassets */; };
		0B3AAF802C46216200E18C96 /* LaunchScreen.storyboard in Resources */ = {isa = PBXBuildFile; fileRef = 0B3AAF7E2C46216200E18C96 /* LaunchScreen.storyboard */; };
		0B5EB1BC2C50E27400ACCB5B /* TabelScreenVC.swift in Sources */ = {isa = PBXBuildFile; fileRef = 0B5EB1BB2C50E27400ACCB5B /* TabelScreenVC.swift */; };
		0B5EB1BF2C510B3300ACCB5B /* DataModal.swift in Sources */ = {isa = PBXBuildFile; fileRef = 0B5EB1BE2C510B3300ACCB5B /* DataModal.swift */; };
		0B5EB1C32C510BC500ACCB5B /* ProductViewModal.swift in Sources */ = {isa = PBXBuildFile; fileRef = 0B5EB1C22C510BC500ACCB5B /* ProductViewModal.swift */; };
		6F1C488220C3D02F5EB7DFA1 /* Pods_RxSwiftPractice.framework in Frameworks */ = {isa = PBXBuildFile; fileRef = 5682C887527A2FDADD0BB1BB /* Pods_RxSwiftPractice.framework */; };
/* End PBXBuildFile section */

/* Begin PBXFileReference section */
		02A75111011CEE36D3278FCF /* Pods-RxSwiftPractice.release.xcconfig */ = {isa = PBXFileReference; includeInIndex = 1; lastKnownFileType = text.xcconfig; name = "Pods-RxSwiftPractice.release.xcconfig"; path = "Target Support Files/Pods-RxSwiftPractice/Pods-RxSwiftPractice.release.xcconfig"; sourceTree = "<group>"; };
		0B3AAF702C46216000E18C96 /* RxSwiftPractice.app */ = {isa = PBXFileReference; explicitFileType = wrapper.application; includeInIndex = 0; path = RxSwiftPractice.app; sourceTree = BUILT_PRODUCTS_DIR; };
		0B3AAF732C46216000E18C96 /* AppDelegate.swift */ = {isa = PBXFileReference; lastKnownFileType = sourcecode.swift; path = AppDelegate.swift; sourceTree = "<group>"; };
		0B3AAF752C46216000E18C96 /* SceneDelegate.swift */ = {isa = PBXFileReference; lastKnownFileType = sourcecode.swift; path = SceneDelegate.swift; sourceTree = "<group>"; };
		0B3AAF772C46216000E18C96 /* MainVC.swift */ = {isa = PBXFileReference; lastKnownFileType = sourcecode.swift; path = MainVC.swift; sourceTree = "<group>"; };
		0B3AAF7A2C46216000E18C96 /* Base */ = {isa = PBXFileReference; lastKnownFileType = file.storyboard; name = Base; path = Base.lproj/Main.storyboard; sourceTree = "<group>"; };
		0B3AAF7C2C46216200E18C96 /* Assets.xcassets */ = {isa = PBXFileReference; lastKnownFileType = folder.assetcatalog; path = Assets.xcassets; sourceTree = "<group>"; };
		0B3AAF7F2C46216200E18C96 /* Base */ = {isa = PBXFileReference; lastKnownFileType = file.storyboard; name = Base; path = Base.lproj/LaunchScreen.storyboard; sourceTree = "<group>"; };
		0B3AAF812C46216200E18C96 /* Info.plist */ = {isa = PBXFileReference; lastKnownFileType = text.plist.xml; path = Info.plist; sourceTree = "<group>"; };
		0B5EB1BB2C50E27400ACCB5B /* TabelScreenVC.swift */ = {isa = PBXFileReference; lastKnownFileType = sourcecode.swift; path = TabelScreenVC.swift; sourceTree = "<group>"; };
		0B5EB1BE2C510B3300ACCB5B /* DataModal.swift */ = {isa = PBXFileReference; lastKnownFileType = sourcecode.swift; path = DataModal.swift; sourceTree = "<group>"; };
		0B5EB1C22C510BC500ACCB5B /* ProductViewModal.swift */ = {isa = PBXFileReference; lastKnownFileType = sourcecode.swift; path = ProductViewModal.swift; sourceTree = "<group>"; };
		50623ECF1E562D83750B0A1B /* Pods-RxSwiftPractice.debug.xcconfig */ = {isa = PBXFileReference; includeInIndex = 1; lastKnownFileType = text.xcconfig; name = "Pods-RxSwiftPractice.debug.xcconfig"; path = "Target Support Files/Pods-RxSwiftPractice/Pods-RxSwiftPractice.debug.xcconfig"; sourceTree = "<group>"; };
		5682C887527A2FDADD0BB1BB /* Pods_RxSwiftPractice.framework */ = {isa = PBXFileReference; explicitFileType = wrapper.framework; includeInIndex = 0; path = Pods_RxSwiftPractice.framework; sourceTree = BUILT_PRODUCTS_DIR; };
/* End PBXFileReference section */

/* Begin PBXFrameworksBuildPhase section */
		0B3AAF6D2C46216000E18C96 /* Frameworks */ = {
			isa = PBXFrameworksBuildPhase;
			buildActionMask = 2147483647;
			files = (
				6F1C488220C3D02F5EB7DFA1 /* Pods_RxSwiftPractice.framework in Frameworks */,
			);
			runOnlyForDeploymentPostprocessing = 0;
		};
/* End PBXFrameworksBuildPhase section */

/* Begin PBXGroup section */
		0B3AAF672C46216000E18C96 = {
			isa = PBXGroup;
			children = (
				0B3AAF722C46216000E18C96 /* RxSwiftPractice */,
				0B3AAF712C46216000E18C96 /* Products */,
				35908D0520FEB9E082B2C979 /* Pods */,
				1F01AABAC3A74727DECF8236 /* Frameworks */,
			);
			sourceTree = "<group>";
		};
		0B3AAF712C46216000E18C96 /* Products */ = {
			isa = PBXGroup;
			children = (
				0B3AAF702C46216000E18C96 /* RxSwiftPractice.app */,
			);
			name = Products;
			sourceTree = "<group>";
		};
		0B3AAF722C46216000E18C96 /* RxSwiftPractice */ = {
			isa = PBXGroup;
			children = (
				0B5EB1BD2C50E28100ACCB5B /* AppFiles */,
				0B5EB1C02C510B9500ACCB5B /* Model */,
				0B5EB1C12C510BAA00ACCB5B /* ViewModal */,
				0B5EB1BB2C50E27400ACCB5B /* TabelScreenVC.swift */,
				0B3AAF772C46216000E18C96 /* MainVC.swift */,
				0B3AAF792C46216000E18C96 /* Main.storyboard */,
				0B3AAF7C2C46216200E18C96 /* Assets.xcassets */,
				0B3AAF7E2C46216200E18C96 /* LaunchScreen.storyboard */,
				0B3AAF812C46216200E18C96 /* Info.plist */,
			);
			path = RxSwiftPractice;
			sourceTree = "<group>";
		};
		0B5EB1BD2C50E28100ACCB5B /* AppFiles */ = {
			isa = PBXGroup;
			children = (
				0B3AAF752C46216000E18C96 /* SceneDelegate.swift */,
				0B3AAF732C46216000E18C96 /* AppDelegate.swift */,
			);
			path = AppFiles;
			sourceTree = "<group>";
		};
		0B5EB1C02C510B9500ACCB5B /* Model */ = {
			isa = PBXGroup;
			children = (
				0B5EB1BE2C510B3300ACCB5B /* DataModal.swift */,
			);
			path = Model;
			sourceTree = "<group>";
		};
		0B5EB1C12C510BAA00ACCB5B /* ViewModal */ = {
			isa = PBXGroup;
			children = (
				0B5EB1C22C510BC500ACCB5B /* ProductViewModal.swift */,
			);
			path = ViewModal;
			sourceTree = "<group>";
		};
		1F01AABAC3A74727DECF8236 /* Frameworks */ = {
			isa = PBXGroup;
			children = (
				5682C887527A2FDADD0BB1BB /* Pods_RxSwiftPractice.framework */,
			);
			name = Frameworks;
			sourceTree = "<group>";
		};
		35908D0520FEB9E082B2C979 /* Pods */ = {
			isa = PBXGroup;
			children = (
				50623ECF1E562D83750B0A1B /* Pods-RxSwiftPractice.debug.xcconfig */,
				02A75111011CEE36D3278FCF /* Pods-RxSwiftPractice.release.xcconfig */,
			);
			path = Pods;
			sourceTree = "<group>";
		};
/* End PBXGroup section */

/* Begin PBXNativeTarget section */
		0B3AAF6F2C46216000E18C96 /* RxSwiftPractice */ = {
			isa = PBXNativeTarget;
			buildConfigurationList = 0B3AAF842C46216200E18C96 /* Build configuration list for PBXNativeTarget "RxSwiftPractice" */;
			buildPhases = (
				9AD9DDEF678ED521857637A7 /* [CP] Check Pods Manifest.lock */,
				0B3AAF6C2C46216000E18C96 /* Sources */,
				0B3AAF6D2C46216000E18C96 /* Frameworks */,
				0B3AAF6E2C46216000E18C96 /* Resources */,
				CDFE7CBBBC747D45115C7BD9 /* [CP] Embed Pods Frameworks */,
			);
			buildRules = (
			);
			dependencies = (
			);
			name = RxSwiftPractice;
			productName = RxSwiftPractice;
			productReference = 0B3AAF702C46216000E18C96 /* RxSwiftPractice.app */;
			productType = "com.apple.product-type.application";
		};
/* End PBXNativeTarget section */

/* Begin PBXProject section */
		0B3AAF682C46216000E18C96 /* Project object */ = {
			isa = PBXProject;
			attributes = {
				BuildIndependentTargetsInParallel = 1;
				LastSwiftUpdateCheck = 1420;
				LastUpgradeCheck = 1420;
				TargetAttributes = {
					0B3AAF6F2C46216000E18C96 = {
						CreatedOnToolsVersion = 14.2;
					};
				};
			};
			buildConfigurationList = 0B3AAF6B2C46216000E18C96 /* Build configuration list for PBXProject "RxSwiftPractice" */;
			compatibilityVersion = "Xcode 14.0";
			developmentRegion = en;
			hasScannedForEncodings = 0;
			knownRegions = (
				en,
				Base,
			);
			mainGroup = 0B3AAF672C46216000E18C96;
			productRefGroup = 0B3AAF712C46216000E18C96 /* Products */;
			projectDirPath = "";
			projectRoot = "";
			targets = (
				0B3AAF6F2C46216000E18C96 /* RxSwiftPractice */,
			);
		};
/* End PBXProject section */

/* Begin PBXResourcesBuildPhase section */
		0B3AAF6E2C46216000E18C96 /* Resources */ = {
			isa = PBXResourcesBuildPhase;
			buildActionMask = 2147483647;
			files = (
				0B3AAF802C46216200E18C96 /* LaunchScreen.storyboard in Resources */,
				0B3AAF7D2C46216200E18C96 /* Assets.xcassets in Resources */,
				0B3AAF7B2C46216000E18C96 /* Main.storyboard in Resources */,
			);
			runOnlyForDeploymentPostprocessing = 0;
		};
/* End PBXResourcesBuildPhase section */

/* Begin PBXShellScriptBuildPhase section */
		9AD9DDEF678ED521857637A7 /* [CP] Check Pods Manifest.lock */ = {
			isa = PBXShellScriptBuildPhase;
			buildActionMask = 2147483647;
			files = (
			);
			inputFileListPaths = (
			);
			inputPaths = (
				"${PODS_PODFILE_DIR_PATH}/Podfile.lock",
				"${PODS_ROOT}/Manifest.lock",
			);
			name = "[CP] Check Pods Manifest.lock";
			outputFileListPaths = (
			);
			outputPaths = (
				"$(DERIVED_FILE_DIR)/Pods-RxSwiftPractice-checkManifestLockResult.txt",
			);
			runOnlyForDeploymentPostprocessing = 0;
			shellPath = /bin/sh;
			shellScript = "diff \"${PODS_PODFILE_DIR_PATH}/Podfile.lock\" \"${PODS_ROOT}/Manifest.lock\" > /dev/null\nif [ $? != 0 ] ; then\n    # print error to STDERR\n    echo \"error: The sandbox is not in sync with the Podfile.lock. Run 'pod install' or update your CocoaPods installation.\" >&2\n    exit 1\nfi\n# This output is used by Xcode 'outputs' to avoid re-running this script phase.\necho \"SUCCESS\" > \"${SCRIPT_OUTPUT_FILE_0}\"\n";
			showEnvVarsInLog = 0;
		};
		CDFE7CBBBC747D45115C7BD9 /* [CP] Embed Pods Frameworks */ = {
			isa = PBXShellScriptBuildPhase;
			buildActionMask = 2147483647;
			files = (
			);
			inputFileListPaths = (
				"${PODS_ROOT}/Target Support Files/Pods-RxSwiftPractice/Pods-RxSwiftPractice-frameworks-${CONFIGURATION}-input-files.xcfilelist",
			);
			name = "[CP] Embed Pods Frameworks";
			outputFileListPaths = (
				"${PODS_ROOT}/Target Support Files/Pods-RxSwiftPractice/Pods-RxSwiftPractice-frameworks-${CONFIGURATION}-output-files.xcfilelist",
			);
			runOnlyForDeploymentPostprocessing = 0;
			shellPath = /bin/sh;
			shellScript = "\"${PODS_ROOT}/Target Support Files/Pods-RxSwiftPractice/Pods-RxSwiftPractice-frameworks.sh\"\n";
			showEnvVarsInLog = 0;
		};
/* End PBXShellScriptBuildPhase section */

/* Begin PBXSourcesBuildPhase section */
		0B3AAF6C2C46216000E18C96 /* Sources */ = {
			isa = PBXSourcesBuildPhase;
			buildActionMask = 2147483647;
			files = (
				0B5EB1C32C510BC500ACCB5B /* ProductViewModal.swift in Sources */,
				0B3AAF782C46216000E18C96 /* MainVC.swift in Sources */,
				0B3AAF742C46216000E18C96 /* AppDelegate.swift in Sources */,
				0B3AAF762C46216000E18C96 /* SceneDelegate.swift in Sources */,
				0B5EB1BF2C510B3300ACCB5B /* DataModal.swift in Sources */,
				0B5EB1BC2C50E27400ACCB5B /* TabelScreenVC.swift in Sources */,
			);
			runOnlyForDeploymentPostprocessing = 0;
		};
/* End PBXSourcesBuildPhase section */

/* Begin PBXVariantGroup section */
		0B3AAF792C46216000E18C96 /* Main.storyboard */ = {
			isa = PBXVariantGroup;
			children = (
				0B3AAF7A2C46216000E18C96 /* Base */,
			);
			name = Main.storyboard;
			sourceTree = "<group>";
		};
		0B3AAF7E2C46216200E18C96 /* LaunchScreen.storyboard */ = {
			isa = PBXVariantGroup;
			children = (
				0B3AAF7F2C46216200E18C96 /* Base */,
			);
			name = LaunchScreen.storyboard;
			sourceTree = "<group>";
		};
/* End PBXVariantGroup section */

/* Begin XCBuildConfiguration section */
		0B3AAF822C46216200E18C96 /* Debug */ = {
			isa = XCBuildConfiguration;
			buildSettings = {
				ALWAYS_SEARCH_USER_PATHS = NO;
				CLANG_ANALYZER_NONNULL = YES;
				CLANG_ANALYZER_NUMBER_OBJECT_CONVERSION = YES_AGGRESSIVE;
				CLANG_CXX_LANGUAGE_STANDARD = "gnu++20";
				CLANG_ENABLE_MODULES = YES;
				CLANG_ENABLE_OBJC_ARC = YES;
				CLANG_ENABLE_OBJC_WEAK = YES;
				CLANG_WARN_BLOCK_CAPTURE_AUTORELEASING = YES;
				CLANG_WARN_BOOL_CONVERSION = YES;
				CLANG_WARN_COMMA = YES;
				CLANG_WARN_CONSTANT_CONVERSION = YES;
				CLANG_WARN_DEPRECATED_OBJC_IMPLEMENTATIONS = YES;
				CLANG_WARN_DIRECT_OBJC_ISA_USAGE = YES_ERROR;
				CLANG_WARN_DOCUMENTATION_COMMENTS = YES;
				CLANG_WARN_EMPTY_BODY = YES;
				CLANG_WARN_ENUM_CONVERSION = YES;
				CLANG_WARN_INFINITE_RECURSION = YES;
				CLANG_WARN_INT_CONVERSION = YES;
				CLANG_WARN_NON_LITERAL_NULL_CONVERSION = YES;
				CLANG_WARN_OBJC_IMPLICIT_RETAIN_SELF = YES;
				CLANG_WARN_OBJC_LITERAL_CONVERSION = YES;
				CLANG_WARN_OBJC_ROOT_CLASS = YES_ERROR;
				CLANG_WARN_QUOTED_INCLUDE_IN_FRAMEWORK_HEADER = YES;
				CLANG_WARN_RANGE_LOOP_ANALYSIS = YES;
				CLANG_WARN_STRICT_PROTOTYPES = YES;
				CLANG_WARN_SUSPICIOUS_MOVE = YES;
				CLANG_WARN_UNGUARDED_AVAILABILITY = YES_AGGRESSIVE;
				CLANG_WARN_UNREACHABLE_CODE = YES;
				CLANG_WARN__DUPLICATE_METHOD_MATCH = YES;
				COPY_PHASE_STRIP = NO;
				DEBUG_INFORMATION_FORMAT = dwarf;
				ENABLE_STRICT_OBJC_MSGSEND = YES;
				ENABLE_TESTABILITY = YES;
				GCC_C_LANGUAGE_STANDARD = gnu11;
				GCC_DYNAMIC_NO_PIC = NO;
				GCC_NO_COMMON_BLOCKS = YES;
				GCC_OPTIMIZATION_LEVEL = 0;
				GCC_PREPROCESSOR_DEFINITIONS = (
					"DEBUG=1",
					"$(inherited)",
				);
				GCC_WARN_64_TO_32_BIT_CONVERSION = YES;
				GCC_WARN_ABOUT_RETURN_TYPE = YES_ERROR;
				GCC_WARN_UNDECLARED_SELECTOR = YES;
				GCC_WARN_UNINITIALIZED_AUTOS = YES_AGGRESSIVE;
				GCC_WARN_UNUSED_FUNCTION = YES;
				GCC_WARN_UNUSED_VARIABLE = YES;
				IPHONEOS_DEPLOYMENT_TARGET = 16.2;
				MTL_ENABLE_DEBUG_INFO = INCLUDE_SOURCE;
				MTL_FAST_MATH = YES;
				ONLY_ACTIVE_ARCH = YES;
				SDKROOT = iphoneos;
				SWIFT_ACTIVE_COMPILATION_CONDITIONS = DEBUG;
				SWIFT_OPTIMIZATION_LEVEL = "-Onone";
			};
			name = Debug;
		};
		0B3AAF832C46216200E18C96 /* Release */ = {
			isa = XCBuildConfiguration;
			buildSettings = {
				ALWAYS_SEARCH_USER_PATHS = NO;
				CLANG_ANALYZER_NONNULL = YES;
				CLANG_ANALYZER_NUMBER_OBJECT_CONVERSION = YES_AGGRESSIVE;
				CLANG_CXX_LANGUAGE_STANDARD = "gnu++20";
				CLANG_ENABLE_MODULES = YES;
				CLANG_ENABLE_OBJC_ARC = YES;
				CLANG_ENABLE_OBJC_WEAK = YES;
				CLANG_WARN_BLOCK_CAPTURE_AUTORELEASING = YES;
				CLANG_WARN_BOOL_CONVERSION = YES;
				CLANG_WARN_COMMA = YES;
				CLANG_WARN_CONSTANT_CONVERSION = YES;
				CLANG_WARN_DEPRECATED_OBJC_IMPLEMENTATIONS = YES;
				CLANG_WARN_DIRECT_OBJC_ISA_USAGE = YES_ERROR;
				CLANG_WARN_DOCUMENTATION_COMMENTS = YES;
				CLANG_WARN_EMPTY_BODY = YES;
				CLANG_WARN_ENUM_CONVERSION = YES;
				CLANG_WARN_INFINITE_RECURSION = YES;
				CLANG_WARN_INT_CONVERSION = YES;
				CLANG_WARN_NON_LITERAL_NULL_CONVERSION = YES;
				CLANG_WARN_OBJC_IMPLICIT_RETAIN_SELF = YES;
				CLANG_WARN_OBJC_LITERAL_CONVERSION = YES;
				CLANG_WARN_OBJC_ROOT_CLASS = YES_ERROR;
				CLANG_WARN_QUOTED_INCLUDE_IN_FRAMEWORK_HEADER = YES;
				CLANG_WARN_RANGE_LOOP_ANALYSIS = YES;
				CLANG_WARN_STRICT_PROTOTYPES = YES;
				CLANG_WARN_SUSPICIOUS_MOVE = YES;
				CLANG_WARN_UNGUARDED_AVAILABILITY = YES_AGGRESSIVE;
				CLANG_WARN_UNREACHABLE_CODE = YES;
				CLANG_WARN__DUPLICATE_METHOD_MATCH = YES;
				COPY_PHASE_STRIP = NO;
				DEBUG_INFORMATION_FORMAT = "dwarf-with-dsym";
				ENABLE_NS_ASSERTIONS = NO;
				ENABLE_STRICT_OBJC_MSGSEND = YES;
				GCC_C_LANGUAGE_STANDARD = gnu11;
				GCC_NO_COMMON_BLOCKS = YES;
				GCC_WARN_64_TO_32_BIT_CONVERSION = YES;
				GCC_WARN_ABOUT_RETURN_TYPE = YES_ERROR;
				GCC_WARN_UNDECLARED_SELECTOR = YES;
				GCC_WARN_UNINITIALIZED_AUTOS = YES_AGGRESSIVE;
				GCC_WARN_UNUSED_FUNCTION = YES;
				GCC_WARN_UNUSED_VARIABLE = YES;
				IPHONEOS_DEPLOYMENT_TARGET = 16.2;
				MTL_ENABLE_DEBUG_INFO = NO;
				MTL_FAST_MATH = YES;
				SDKROOT = iphoneos;
				SWIFT_COMPILATION_MODE = wholemodule;
				SWIFT_OPTIMIZATION_LEVEL = "-O";
				VALIDATE_PRODUCT = YES;
			};
			name = Release;
		};
		0B3AAF852C46216200E18C96 /* Debug */ = {
			isa = XCBuildConfiguration;
			baseConfigurationReference = 50623ECF1E562D83750B0A1B /* Pods-RxSwiftPractice.debug.xcconfig */;
			buildSettings = {
				ASSETCATALOG_COMPILER_APPICON_NAME = AppIcon;
				ASSETCATALOG_COMPILER_GLOBAL_ACCENT_COLOR_NAME = AccentColor;
				CODE_SIGN_STYLE = Automatic;
				CURRENT_PROJECT_VERSION = 1;
				GENERATE_INFOPLIST_FILE = YES;
				INFOPLIST_FILE = RxSwiftPractice/Info.plist;
				INFOPLIST_KEY_UIApplicationSupportsIndirectInputEvents = YES;
				INFOPLIST_KEY_UILaunchStoryboardName = LaunchScreen;
				INFOPLIST_KEY_UIMainStoryboardFile = Main;
				INFOPLIST_KEY_UISupportedInterfaceOrientations_iPad = "UIInterfaceOrientationPortrait UIInterfaceOrientationPortraitUpsideDown UIInterfaceOrientationLandscapeLeft UIInterfaceOrientationLandscapeRight";
				INFOPLIST_KEY_UISupportedInterfaceOrientations_iPhone = "UIInterfaceOrientationPortrait UIInterfaceOrientationLandscapeLeft UIInterfaceOrientationLandscapeRight";
				LD_RUNPATH_SEARCH_PATHS = (
					"$(inherited)",
					"@executable_path/Frameworks",
				);
				MARKETING_VERSION = 1.0;
				PRODUCT_BUNDLE_IDENTIFIER = com.softmonks.RxSwiftPractice;
				PRODUCT_NAME = "$(TARGET_NAME)";
				SUPPORTED_PLATFORMS = "iphoneos iphonesimulator";
				SUPPORTS_MACCATALYST = NO;
				SUPPORTS_MAC_DESIGNED_FOR_IPHONE_IPAD = NO;
				SWIFT_EMIT_LOC_STRINGS = YES;
				SWIFT_VERSION = 5.0;
				TARGETED_DEVICE_FAMILY = "1,2";
			};
			name = Debug;
		};
		0B3AAF862C46216200E18C96 /* Release */ = {
			isa = XCBuildConfiguration;
			baseConfigurationReference = 02A75111011CEE36D3278FCF /* Pods-RxSwiftPractice.release.xcconfig */;
			buildSettings = {
				ASSETCATALOG_COMPILER_APPICON_NAME = AppIcon;
				ASSETCATALOG_COMPILER_GLOBAL_ACCENT_COLOR_NAME = AccentColor;
				CODE_SIGN_STYLE = Automatic;
				CURRENT_PROJECT_VERSION = 1;
				GENERATE_INFOPLIST_FILE = YES;
				INFOPLIST_FILE = RxSwiftPractice/Info.plist;
				INFOPLIST_KEY_UIApplicationSupportsIndirectInputEvents = YES;
				INFOPLIST_KEY_UILaunchStoryboardName = LaunchScreen;
				INFOPLIST_KEY_UIMainStoryboardFile = Main;
				INFOPLIST_KEY_UISupportedInterfaceOrientations_iPad = "UIInterfaceOrientationPortrait UIInterfaceOrientationPortraitUpsideDown UIInterfaceOrientationLandscapeLeft UIInterfaceOrientationLandscapeRight";
				INFOPLIST_KEY_UISupportedInterfaceOrientations_iPhone = "UIInterfaceOrientationPortrait UIInterfaceOrientationLandscapeLeft UIInterfaceOrientationLandscapeRight";
				LD_RUNPATH_SEARCH_PATHS = (
					"$(inherited)",
					"@executable_path/Frameworks",
				);
				MARKETING_VERSION = 1.0;
				PRODUCT_BUNDLE_IDENTIFIER = com.softmonks.RxSwiftPractice;
				PRODUCT_NAME = "$(TARGET_NAME)";
				SUPPORTED_PLATFORMS = "iphoneos iphonesimulator";
				SUPPORTS_MACCATALYST = NO;
				SUPPORTS_MAC_DESIGNED_FOR_IPHONE_IPAD = NO;
				SWIFT_EMIT_LOC_STRINGS = YES;
				SWIFT_VERSION = 5.0;
				TARGETED_DEVICE_FAMILY = "1,2";
			};
			name = Release;
		};
/* End XCBuildConfiguration section */

/* Begin XCConfigurationList section */
		0B3AAF6B2C46216000E18C96 /* Build configuration list for PBXProject "RxSwiftPractice" */ = {
			isa = XCConfigurationList;
			buildConfigurations = (
				0B3AAF822C46216200E18C96 /* Debug */,
				0B3AAF832C46216200E18C96 /* Release */,
			);
			defaultConfigurationIsVisible = 0;
			defaultConfigurationName = Release;
		};
		0B3AAF842C46216200E18C96 /* Build configuration list for PBXNativeTarget "RxSwiftPractice" */ = {
			isa = XCConfigurationList;
			buildConfigurations = (
				0B3AAF852C46216200E18C96 /* Debug */,
				0B3AAF862C46216200E18C96 /* Release */,
			);
			defaultConfigurationIsVisible = 0;
			defaultConfigurationName = Release;
		};
/* End XCConfigurationList section */
	};
	rootObject = 0B3AAF682C46216000E18C96 /* Project object */;
}
